
Microsoft Visual Studio Solution File, Format Version 12.00
# Visual Studio 2013
VisualStudioVersion = 12.0.30110.0
MinimumVisualStudioVersion = 10.0.40219.1
Project("{FAE04EC0-301F-11D3-BF4B-00C04F79EFBC}") = "SenseBad", "SenseBad.csproj", "{B2143E9C-110A-4932-ABA9-1ED8839220AD}"
EndProject
Global
	GlobalSection(SolutionConfigurationPlatforms) = preSolution
		Debug|Any CPU = Debug|Any CPU
		Release|Any CPU = Release|Any CPU
	EndGlobalSection
	GlobalSection(ProjectConfigurationPlatforms) = postSolution
		{B2143E9C-110A-4932-ABA9-1ED8839220AD}.Debug|Any CPU.ActiveCfg = Debug|Any CPU
		{B2143E9C-110A-4932-ABA9-1ED8839220AD}.Debug|Any CPU.Build.0 = Debug|Any CPU
		{B2143E9C-110A-4932-ABA9-1ED8839220AD}.Release|Any CPU.ActiveCfg = Release|Any CPU
		{B2143E9C-110A-4932-ABA9-1ED8839220AD}.Release|Any CPU.Build.0 = Release|Any CPU
	EndGlobalSection
	GlobalSection(SolutionProperties) = preSolution
		HideSolutionNode = FALSE
	EndGlobalSection
EndGlobal
